
Microsoft Visual Studio Solution File, Format Version 12.00
# Visual Studio Version 17
VisualStudioVersion = 17.6.33723.286
MinimumVisualStudioVersion = 10.0.40219.1
Project("{9A19103F-16F7-4668-BE54-9A1E7A4F7556}") = "TaskManagementSystem.Presentation", "Presentation\TaskManagementSystem.Presentation.csproj", "{100BB900-1113-425C-A143-F3CFF5D8D49A}"
EndProject
Project("{9A19103F-16F7-4668-BE54-9A1E7A4F7556}") = "TaskManagementSystem.Domain", "Domain\TaskManagementSystem.Domain.csproj", "{8F24BEC0-18EA-4565-9889-C8E8C38399DC}"
EndProject
Project("{9A19103F-16F7-4668-BE54-9A1E7A4F7556}") = "TaskManagementSystem.Infrastructure", "Infrastructure\TaskManagementSystem.Infrastructure.csproj", "{40EB0791-FD21-4B8C-9B10-19E3C097B2BC}"
EndProject
Project("{9A19103F-16F7-4668-BE54-9A1E7A4F7556}") = "TaskManagementSystem.Application", "APPLICATION\TaskManagementSystem.Application.csproj", "{68FC033D-87A7-4308-B8CA-E539F91D7150}"
EndProject
Project("{2150E333-8FDC-42A3-9474-1A3956D46DE8}") = "Solution Items", "Solution Items", "{7CDC70AC-F494-4370-B563-C7B2EB2668C0}"
	ProjectSection(SolutionItems) = preProject
		README.md = README.md
	EndProjectSection
EndProject
Global
	GlobalSection(SolutionConfigurationPlatforms) = preSolution
		Debug|Any CPU = Debug|Any CPU
		Release|Any CPU = Release|Any CPU
	EndGlobalSection
	GlobalSection(ProjectConfigurationPlatforms) = postSolution
		{100BB900-1113-425C-A143-F3CFF5D8D49A}.Debug|Any CPU.ActiveCfg = Debug|Any CPU
		{100BB900-1113-425C-A143-F3CFF5D8D49A}.Debug|Any CPU.Build.0 = Debug|Any CPU
		{100BB900-1113-425C-A143-F3CFF5D8D49A}.Release|Any CPU.ActiveCfg = Release|Any CPU
		{100BB900-1113-425C-A143-F3CFF5D8D49A}.Release|Any CPU.Build.0 = Release|Any CPU
		{8F24BEC0-18EA-4565-9889-C8E8C38399DC}.Debug|Any CPU.ActiveCfg = Debug|Any CPU
		{8F24BEC0-18EA-4565-9889-C8E8C38399DC}.Debug|Any CPU.Build.0 = Debug|Any CPU
		{8F24BEC0-18EA-4565-9889-C8E8C38399DC}.Release|Any CPU.ActiveCfg = Release|Any CPU
		{8F24BEC0-18EA-4565-9889-C8E8C38399DC}.Release|Any CPU.Build.0 = Release|Any CPU
		{40EB0791-FD21-4B8C-9B10-19E3C097B2BC}.Debug|Any CPU.ActiveCfg = Debug|Any CPU
		{40EB0791-FD21-4B8C-9B10-19E3C097B2BC}.Debug|Any CPU.Build.0 = Debug|Any CPU
		{40EB0791-FD21-4B8C-9B10-19E3C097B2BC}.Release|Any CPU.ActiveCfg = Release|Any CPU
		{40EB0791-FD21-4B8C-9B10-19E3C097B2BC}.Release|Any CPU.Build.0 = Release|Any CPU
		{68FC033D-87A7-4308-B8CA-E539F91D7150}.Debug|Any CPU.ActiveCfg = Debug|Any CPU
		{68FC033D-87A7-4308-B8CA-E539F91D7150}.Debug|Any CPU.Build.0 = Debug|Any CPU
		{68FC033D-87A7-4308-B8CA-E539F91D7150}.Release|Any CPU.ActiveCfg = Release|Any CPU
		{68FC033D-87A7-4308-B8CA-E539F91D7150}.Release|Any CPU.Build.0 = Release|Any CPU
	EndGlobalSection
	GlobalSection(SolutionProperties) = preSolution
		HideSolutionNode = FALSE
	EndGlobalSection
	GlobalSection(ExtensibilityGlobals) = postSolution
		SolutionGuid = {C35E0023-53C4-4C39-AA13-5F71F99A6B02}
	EndGlobalSection
EndGlobal
